<?xml version="1.0" encoding="utf-8"?>
<Project ToolsVersion="4.0" xmlns="http://schemas.microsoft.com/developer/msbuild/2003">
  <ItemGroup>
    <Filter Include="win32">
      <UniqueIdentifier>{84a8ebd7-7cf0-47f6-b75e-d441df67da40}</UniqueIdentifier>
    </Filter>
    <Filter Include="resource">
      <UniqueIdentifier>{715254bc-d70b-4ec5-bf29-467dd3ace079}</UniqueIdentifier>
    </Filter>
    <Filter Include="src">
      <UniqueIdentifier>{bb6c862e-70e9-49d9-81b7-3829a6f50471}</UniqueIdentifier>
    </Filter>
  </ItemGroup>
  <ItemGroup>
    <ClCompile Include="main.cpp">
      <Filter>win32</Filter>
    </ClCompile>
    <ClCompile Include="..\Classes\AppDelegate.cpp">
      <Filter>src</Filter>
    </ClCompile>
    <ClCompile Include="..\Classes\Data\DataManager.cpp">
      <Filter>src</Filter>
    </ClCompile>
    <ClCompile Include="..\Classes\Data\sqlite3.c">
      <Filter>src</Filter>
    </ClCompile>
    <ClCompile Include="..\Classes\DragAndDrop\DraggableItem.cpp">
      <Filter>src</Filter>
    </ClCompile>
    <ClCompile Include="..\Classes\DragAndDrop\DroppableItem.cpp">
      <Filter>src</Filter>
    </ClCompile>
    <ClCompile Include="..\Classes\DragAndDrop\DroppablesManager.cpp">
      <Filter>src</Filter>
    </ClCompile>
    <ClCompile Include="..\Classes\Gameplay\GameManager.cpp">
      <Filter>src</Filter>
    </ClCompile>
    <ClCompile Include="..\Classes\Gameplay\Grid.cpp">
      <Filter>src</Filter>
    </ClCompile>
    <ClCompile Include="..\Classes\Gameplay\GridCell.cpp">
      <Filter>src</Filter>
    </ClCompile>
    <ClCompile Include="..\Classes\Gameplay\MashButton.cpp">
      <Filter>src</Filter>
    </ClCompile>
    <ClCompile Include="..\Classes\Gameplay\User.cpp">
      <Filter>src</Filter>
    </ClCompile>
    <ClCompile Include="..\Classes\Scenes\GameScene.cpp">
      <Filter>src</Filter>
    </ClCompile>
    <ClCompile Include="..\Classes\Scenes\MainMenuScene.cpp">
      <Filter>src</Filter>
    </ClCompile>
    <ClCompile Include="..\Classes\Gameplay\MashButtonsManager.cpp">
      <Filter>src</Filter>
    </ClCompile>
    <ClCompile Include="..\Classes\Gameplay\ButtonMasherEffects\ButtonMasherEffect.cpp">
      <Filter>src</Filter>
    </ClCompile>
    <ClCompile Include="..\Classes\Gameplay\ButtonMasherEffects\ButtonMasherEffectCombo.cpp">
      <Filter>src</Filter>
    </ClCompile>
    <ClCompile Include="..\Classes\Gameplay\ButtonMasherEffects\ButtonMasherEffectSpeeder.cpp">
      <Filter>src</Filter>
    </ClCompile>
    <ClCompile Include="..\Classes\Gameplay\ButtonMasherEffects\ButtonMasherEffectsHandler.cpp">
      <Filter>src</Filter>
    </ClCompile>
    <ClCompile Include="..\Classes\Gameplay\PhysicsParticles\PhysicParticle.cpp">
      <Filter>src</Filter>
    </ClCompile>
    <ClCompile Include="..\Classes\Gameplay\PhysicsParticles\PhysicParticleHandler.cpp">
      <Filter>src</Filter>
    </ClCompile>
    <ClCompile Include="..\Classes\Gameplay\CoinsCollectors\CoinsCollector.cpp">
      <Filter>src</Filter>
    </ClCompile>
    <ClCompile Include="..\Classes\Gameplay\CoinsCollectors\CollectorContactListener.cpp">
      <Filter>src</Filter>
    </ClCompile>
    <ClCompile Include="..\Classes\Gameplay\CoinsCollectors\MovingLabel.cpp">
      <Filter>src</Filter>
    </ClCompile>
  </ItemGroup>
  <ItemGroup>
    <ClInclude Include="main.h">
      <Filter>win32</Filter>
    </ClInclude>
    <ClInclude Include="..\Classes\AppDelegate.h">
      <Filter>src</Filter>
    </ClInclude>
    <ClInclude Include="..\Classes\Data\DataManager.h">
      <Filter>src</Filter>
    </ClInclude>
    <ClInclude Include="..\Classes\Data\sqlite3.h">
      <Filter>src</Filter>
    </ClInclude>
    <ClInclude Include="..\Classes\DragAndDrop\DraggableItem.h">
      <Filter>src</Filter>
    </ClInclude>
    <ClInclude Include="..\Classes\DragAndDrop\DroppableItem.h">
      <Filter>src</Filter>
    </ClInclude>
    <ClInclude Include="..\Classes\DragAndDrop\DroppablesManager.h">
      <Filter>src</Filter>
    </ClInclude>
    <ClInclude Include="..\Classes\Gameplay\GameManager.h">
      <Filter>src</Filter>
    </ClInclude>
    <ClInclude Include="..\Classes\Gameplay\Grid.h">
      <Filter>src</Filter>
    </ClInclude>
    <ClInclude Include="..\Classes\Gameplay\GridCell.h">
      <Filter>src</Filter>
    </ClInclude>
    <ClInclude Include="..\Classes\Gameplay\MashButton.h">
      <Filter>src</Filter>
    </ClInclude>
    <ClInclude Include="..\Classes\Gameplay\User.h">
      <Filter>src</Filter>
    </ClInclude>
    <ClInclude Include="..\Classes\Scenes\GameScene.h">
      <Filter>src</Filter>
    </ClInclude>
    <ClInclude Include="..\Classes\Scenes\MainMenuScene.h">
      <Filter>src</Filter>
    </ClInclude>
    <ClInclude Include="..\Classes\Gameplay\MashButtonsManager.h">
      <Filter>src</Filter>
    </ClInclude>
    <ClInclude Include="..\Classes\Constants.h">
      <Filter>src</Filter>
    </ClInclude>
    <ClInclude Include="..\Classes\Gameplay\ButtonMasherEffects\ButtonMasherEffect.h">
      <Filter>src</Filter>
    </ClInclude>
    <ClInclude Include="..\Classes\Gameplay\ButtonMasherEffects\ButtonMasherEffectCombo.h">
      <Filter>src</Filter>
    </ClInclude>
    <ClInclude Include="..\Classes\Gameplay\ButtonMasherEffects\ButtonMasherEffectSpeeder.h">
      <Filter>src</Filter>
    </ClInclude>
    <ClInclude Include="..\Classes\Enumerators.h">
      <Filter>src</Filter>
    </ClInclude>
    <ClInclude Include="..\Classes\Gameplay\ButtonMasherEffects\ButtonMasherEffectsHandler.h">
      <Filter>src</Filter>
    </ClInclude>
    <ClInclude Include="..\Classes\Gameplay\PhysicsParticles\PhysicParticle.h">
      <Filter>src</Filter>
    </ClInclude>
    <ClInclude Include="..\Classes\Gameplay\PhysicsParticles\PhysicParticleHandler.h">
      <Filter>src</Filter>
    </ClInclude>
    <ClInclude Include="..\Classes\Gameplay\CoinsCollectors\CoinsCollector.h">
      <Filter>src</Filter>
    </ClInclude>
    <ClInclude Include="..\Classes\Gameplay\CoinsCollectors\CollectorContactListener.h">
      <Filter>src</Filter>
    </ClInclude>
    <ClInclude Include="..\Classes\Gameplay\CoinsCollectors\MovingLabel.h">
      <Filter>src</Filter>
    </ClInclude>
    <ClInclude Include="..\Classes\Utils.h">
      <Filter>src</Filter>
    </ClInclude>
  </ItemGroup>
  <ItemGroup>
    <ResourceCompile Include="game.rc">
      <Filter>resource</Filter>
    </ResourceCompile>
  </ItemGroup>
</Project>